Microsoft Visual Studio Solution File, Format Version 11.00
# Visual Studio 2008

Project("{3655BF74-DA56-7FF2-FEF5-3D200B67B8A7}") = "Zombies", "Assembly-CSharp-firstpass.csproj", "{5B2DE729-149A-4DF6-09D6-D49F9EEAD0A8}"
EndProject
Project("{3655BF74-DA56-7FF2-FEF5-3D200B67B8A7}") = "Zombies", "Assembly-CSharp.csproj", "{10E359BA-790A-3AE2-0795-B041FCB66676}"
EndProject
Project("{3655BF74-DA56-7FF2-FEF5-3D200B67B8A7}") = "Zombies", "Assembly-CSharp-Editor.csproj", "{38A39C13-46A2-01F7-7463-9872DCB3C13C}"
EndProject
Project("{3655BF74-DA56-7FF2-FEF5-3D200B67B8A7}") = "Zombies", "Assembly-UnityScript-firstpass.unityproj", "{2F357A79-B5DB-EB37-6357-173EA1DD044D}"
EndProject
Global
	GlobalSection(SolutionConfigurationPlatforms) = preSolution
		Debug|Any CPU = Debug|Any CPU
		Release|Any CPU = Release|Any CPU
	EndGlobalSection
	GlobalSection(ProjectConfigurationPlatforms) = postSolution
		{5B2DE729-149A-4DF6-09D6-D49F9EEAD0A8}.Debug|Any CPU.ActiveCfg = Debug|Any CPU
		{5B2DE729-149A-4DF6-09D6-D49F9EEAD0A8}.Debug|Any CPU.Build.0 = Debug|Any CPU
		{5B2DE729-149A-4DF6-09D6-D49F9EEAD0A8}.Release|Any CPU.ActiveCfg = Release|Any CPU
		{5B2DE729-149A-4DF6-09D6-D49F9EEAD0A8}.Release|Any CPU.Build.0 = Release|Any CPU
		{10E359BA-790A-3AE2-0795-B041FCB66676}.Debug|Any CPU.ActiveCfg = Debug|Any CPU
		{10E359BA-790A-3AE2-0795-B041FCB66676}.Debug|Any CPU.Build.0 = Debug|Any CPU
		{10E359BA-790A-3AE2-0795-B041FCB66676}.Release|Any CPU.ActiveCfg = Release|Any CPU
		{10E359BA-790A-3AE2-0795-B041FCB66676}.Release|Any CPU.Build.0 = Release|Any CPU
		{38A39C13-46A2-01F7-7463-9872DCB3C13C}.Debug|Any CPU.ActiveCfg = Debug|Any CPU
		{38A39C13-46A2-01F7-7463-9872DCB3C13C}.Debug|Any CPU.Build.0 = Debug|Any CPU
		{38A39C13-46A2-01F7-7463-9872DCB3C13C}.Release|Any CPU.ActiveCfg = Release|Any CPU
		{38A39C13-46A2-01F7-7463-9872DCB3C13C}.Release|Any CPU.Build.0 = Release|Any CPU
		{2F357A79-B5DB-EB37-6357-173EA1DD044D}.Debug|Any CPU.ActiveCfg = Debug|Any CPU
		{2F357A79-B5DB-EB37-6357-173EA1DD044D}.Debug|Any CPU.Build.0 = Debug|Any CPU
		{2F357A79-B5DB-EB37-6357-173EA1DD044D}.Release|Any CPU.ActiveCfg = Release|Any CPU
		{2F357A79-B5DB-EB37-6357-173EA1DD044D}.Release|Any CPU.Build.0 = Release|Any CPU
	EndGlobalSection
	GlobalSection(SolutionProperties) = preSolution
		HideSolutionNode = FALSE
	EndGlobalSection
																																																																																																																																																																												GlobalSection(MonoDevelopProperties) = preSolution
		StartupItem = Assembly-CSharp.csproj
		Policies = $0
		$0.TextStylePolicy = $1
		$1.inheritsSet = null
		$1.scope = text/x-csharp
		$0.CSharpFormattingPolicy = $2
		$2.inheritsSet = Mono
		$2.inheritsScope = text/x-csharp
		$2.scope = text/x-csharp
		$0.TextStylePolicy = $3
		$3.FileWidth = 120
		$3.TabWidth = 4
		$3.EolMarker = Unix
		$3.inheritsSet = Mono
		$3.inheritsScope = text/plain
		$3.scope = text/plain
	EndGlobalSection

EndGlobal
